
Microsoft Visual Studio Solution File, Format Version 12.00
# Visual Studio 2012
Project("{FAE04EC0-301F-11D3-BF4B-00C04F79EFBC}") = "MIPSCore", "MIPSCore\MIPSCore.csproj", "{8167717C-DF36-4477-AD3F-F655F4C4033E}"
EndProject
Project("{2150E333-8FDC-42A3-9474-1A3956D46DE8}") = "UnitTests", "UnitTests", "{57946455-5A87-4D65-9DCF-CBAFF478BABF}"
EndProject
Project("{FAE04EC0-301F-11D3-BF4B-00C04F79EFBC}") = "Tests", "Tests\Tests.csproj", "{AC7FBABA-B5B6-4B96-9875-5B4B10858160}"
	ProjectSection(ProjectDependencies) = postProject
		{8167717C-DF36-4477-AD3F-F655F4C4033E} = {8167717C-DF36-4477-AD3F-F655F4C4033E}
	EndProjectSection
EndProject
Project("{2150E333-8FDC-42A3-9474-1A3956D46DE8}") = "SystemTests", "SystemTests", "{42EAED56-AA4E-4354-A35D-1F44CD62AAB4}"
EndProject
Project("{FAE04EC0-301F-11D3-BF4B-00C04F79EFBC}") = "SystemTest", "SystemTest\SystemTest.csproj", "{0FAF18DD-1C7D-4067-8F3D-0165ABCF57E5}"
EndProject
Project("{FAE04EC0-301F-11D3-BF4B-00C04F79EFBC}") = "MIPSCoreConsole", "MIPSCoreConsole\MIPSCoreConsole.csproj", "{E91D25AC-D99C-49E3-BA3B-FE00C71FAA4B}"
EndProject
Project("{FAE04EC0-301F-11D3-BF4B-00C04F79EFBC}") = "MIPSCoreUI", "MIPSCoreUI\MIPSCoreUI.csproj", "{AE009F91-5511-4A92-85CA-0FCBAE708889}"
	ProjectSection(ProjectDependencies) = postProject
		{E91D25AC-D99C-49E3-BA3B-FE00C71FAA4B} = {E91D25AC-D99C-49E3-BA3B-FE00C71FAA4B}
		{AC7FBABA-B5B6-4B96-9875-5B4B10858160} = {AC7FBABA-B5B6-4B96-9875-5B4B10858160}
		{0FAF18DD-1C7D-4067-8F3D-0165ABCF57E5} = {0FAF18DD-1C7D-4067-8F3D-0165ABCF57E5}
	EndProjectSection
EndProject
Global
	GlobalSection(SolutionConfigurationPlatforms) = preSolution
		Debug|Any CPU = Debug|Any CPU
		Release|Any CPU = Release|Any CPU
	EndGlobalSection
	GlobalSection(ProjectConfigurationPlatforms) = postSolution
		{8167717C-DF36-4477-AD3F-F655F4C4033E}.Debug|Any CPU.ActiveCfg = Debug|Any CPU
		{8167717C-DF36-4477-AD3F-F655F4C4033E}.Debug|Any CPU.Build.0 = Debug|Any CPU
		{8167717C-DF36-4477-AD3F-F655F4C4033E}.Release|Any CPU.ActiveCfg = Release|Any CPU
		{8167717C-DF36-4477-AD3F-F655F4C4033E}.Release|Any CPU.Build.0 = Release|Any CPU
		{AC7FBABA-B5B6-4B96-9875-5B4B10858160}.Debug|Any CPU.ActiveCfg = Debug|Any CPU
		{AC7FBABA-B5B6-4B96-9875-5B4B10858160}.Debug|Any CPU.Build.0 = Debug|Any CPU
		{AC7FBABA-B5B6-4B96-9875-5B4B10858160}.Release|Any CPU.ActiveCfg = Release|Any CPU
		{AC7FBABA-B5B6-4B96-9875-5B4B10858160}.Release|Any CPU.Build.0 = Release|Any CPU
		{0FAF18DD-1C7D-4067-8F3D-0165ABCF57E5}.Debug|Any CPU.ActiveCfg = Debug|Any CPU
		{0FAF18DD-1C7D-4067-8F3D-0165ABCF57E5}.Debug|Any CPU.Build.0 = Debug|Any CPU
		{0FAF18DD-1C7D-4067-8F3D-0165ABCF57E5}.Release|Any CPU.ActiveCfg = Release|Any CPU
		{0FAF18DD-1C7D-4067-8F3D-0165ABCF57E5}.Release|Any CPU.Build.0 = Release|Any CPU
		{E91D25AC-D99C-49E3-BA3B-FE00C71FAA4B}.Debug|Any CPU.ActiveCfg = Debug|Any CPU
		{E91D25AC-D99C-49E3-BA3B-FE00C71FAA4B}.Debug|Any CPU.Build.0 = Debug|Any CPU
		{E91D25AC-D99C-49E3-BA3B-FE00C71FAA4B}.Release|Any CPU.ActiveCfg = Release|Any CPU
		{E91D25AC-D99C-49E3-BA3B-FE00C71FAA4B}.Release|Any CPU.Build.0 = Release|Any CPU
		{AE009F91-5511-4A92-85CA-0FCBAE708889}.Debug|Any CPU.ActiveCfg = Debug|Any CPU
		{AE009F91-5511-4A92-85CA-0FCBAE708889}.Debug|Any CPU.Build.0 = Debug|Any CPU
		{AE009F91-5511-4A92-85CA-0FCBAE708889}.Release|Any CPU.ActiveCfg = Release|Any CPU
		{AE009F91-5511-4A92-85CA-0FCBAE708889}.Release|Any CPU.Build.0 = Release|Any CPU
	EndGlobalSection
	GlobalSection(SolutionProperties) = preSolution
		HideSolutionNode = FALSE
	EndGlobalSection
	GlobalSection(NestedProjects) = preSolution
		{AC7FBABA-B5B6-4B96-9875-5B4B10858160} = {57946455-5A87-4D65-9DCF-CBAFF478BABF}
		{0FAF18DD-1C7D-4067-8F3D-0165ABCF57E5} = {42EAED56-AA4E-4354-A35D-1F44CD62AAB4}
	EndGlobalSection
	GlobalSection(Performance) = preSolution
		HasPerformanceSessions = true
	EndGlobalSection
EndGlobal
